
Microsoft Visual Studio Solution File, Format Version 12.00
# Visual Studio Version 17
VisualStudioVersion = 17.13.35825.156
MinimumVisualStudioVersion = 10.0.40219.1
Project("{FAE04EC0-301F-11D3-BF4B-00C04F79EFBC}") = "PAC4-Calculadora", "PAC4-Calculadora.csproj", "{8556ABB8-EE34-4E8A-BBBE-58B666EC1D65}"
EndProject
Global
	GlobalSection(SolutionConfigurationPlatforms) = preSolution
		Debug|Any CPU = Debug|Any CPU
		Release|Any CPU = Release|Any CPU
	EndGlobalSection
	GlobalSection(ProjectConfigurationPlatforms) = postSolution
		{8556ABB8-EE34-4E8A-BBBE-58B666EC1D65}.Debug|Any CPU.ActiveCfg = Debug|Any CPU
		{8556ABB8-EE34-4E8A-BBBE-58B666EC1D65}.Debug|Any CPU.Build.0 = Debug|Any CPU
		{8556ABB8-EE34-4E8A-BBBE-58B666EC1D65}.Release|Any CPU.ActiveCfg = Release|Any CPU
		{8556ABB8-EE34-4E8A-BBBE-58B666EC1D65}.Release|Any CPU.Build.0 = Release|Any CPU
	EndGlobalSection
	GlobalSection(SolutionProperties) = preSolution
		HideSolutionNode = FALSE
	EndGlobalSection
	GlobalSection(ExtensibilityGlobals) = postSolution
		SolutionGuid = {0162E973-4345-4613-B732-1A20E97F8617}
	EndGlobalSection
EndGlobal
